dependencies:
- name: mysql
  repository: https://mirror.azure.cn/kubernetes/charts/
  version: 1.6.2
- name: redis
  repository: https://mirror.azure.cn/kubernetes/charts/
  version: 10.3.0
digest: sha256:47fb11745658ff24842ab760c69bcfab734f8a496d2ea199a6453f2839c48c94
generated: "2020-01-02T10:32:16.0465456+08:00"
